
Microsoft Visual Studio Solution File, Format Version 12.00
# Visual Studio Version 17
VisualStudioVersion = 17.8.34330.188
MinimumVisualStudioVersion = 10.0.40219.1
Project("{FAE04EC0-301F-11D3-BF4B-00C04F79EFBC}") = "Week9Lists", "Week9Lists\Week9Lists.csproj", "{7C9EC730-4E53-42E8-BA70-7B6CD1B5DA3D}"
EndProject
Global
	GlobalSection(SolutionConfigurationPlatforms) = preSolution
		Debug|Any CPU = Debug|Any CPU
		Release|Any CPU = Release|Any CPU
	EndGlobalSection
	GlobalSection(ProjectConfigurationPlatforms) = postSolution
		{7C9EC730-4E53-42E8-BA70-7B6CD1B5DA3D}.Debug|Any CPU.ActiveCfg = Debug|Any CPU
		{7C9EC730-4E53-42E8-BA70-7B6CD1B5DA3D}.Debug|Any CPU.Build.0 = Debug|Any CPU
		{7C9EC730-4E53-42E8-BA70-7B6CD1B5DA3D}.Release|Any CPU.ActiveCfg = Release|Any CPU
		{7C9EC730-4E53-42E8-BA70-7B6CD1B5DA3D}.Release|Any CPU.Build.0 = Release|Any CPU
	EndGlobalSection
	GlobalSection(SolutionProperties) = preSolution
		HideSolutionNode = FALSE
	EndGlobalSection
	GlobalSection(ExtensibilityGlobals) = postSolution
		SolutionGuid = {EB797C04-F5FA-4C3C-83FE-DE021964C5B7}
	EndGlobalSection
EndGlobal
